// !$*UTF8*$!
{
	archiveVersion = 1;
	classes = {
	};
	objectVersion = 50;
	objects = {

/* Begin PBXBuildFile section */
		A9757D75251E50C200287BCA /* AppDelegate.swift in Sources */ = {isa = PBXBuildFile; fileRef = A9757D74251E50C200287BCA /* AppDelegate.swift */; };
		A9757D77251E50C200287BCA /* SceneDelegate.swift in Sources */ = {isa = PBXBuildFile; fileRef = A9757D76251E50C200287BCA /* SceneDelegate.swift */; };
		A9757D79251E50C200287BCA /* ViewController.swift in Sources */ = {isa = PBXBuildFile; fileRef = A9757D78251E50C200287BCA /* ViewController.swift */; };
		A9757D7C251E50C200287BCA /* Main.storyboard in Resources */ = {isa = PBXBuildFile; fileRef = A9757D7A251E50C200287BCA /* Main.storyboard */; };
		A9757D7F251E50C200287BCA /* GetOrPost.xcdatamodeld in Sources */ = {isa = PBXBuildFile; fileRef = A9757D7D251E50C200287BCA /* GetOrPost.xcdatamodeld */; };
		A9757D81251E50C500287BCA /* Assets.xcassets in Resources */ = {isa = PBXBuildFile; fileRef = A9757D80251E50C500287BCA /* Assets.xcassets */; };
		A9757D84251E50C500287BCA /* LaunchScreen.storyboard in Resources */ = {isa = PBXBuildFile; fileRef = A9757D82251E50C500287BCA /* LaunchScreen.storyboard */; };
		A9757D8F251E50C500287BCA /* GetOrPostTests.swift in Sources */ = {isa = PBXBuildFile; fileRef = A9757D8E251E50C500287BCA /* GetOrPostTests.swift */; };
		A9757D9A251E50C500287BCA /* GetOrPostUITests.swift in Sources */ = {isa = PBXBuildFile; fileRef = A9757D99251E50C500287BCA /* GetOrPostUITests.swift */; };
/* End PBXBuildFile section */

/* Begin PBXContainerItemProxy section */
		A9757D8B251E50C500287BCA /* PBXContainerItemProxy */ = {
			isa = PBXContainerItemProxy;
			containerPortal = A9757D69251E50C200287BCA /* Project object */;
			proxyType = 1;
			remoteGlobalIDString = A9757D70251E50C200287BCA;
			remoteInfo = GetOrPost;
		};
		A9757D96251E50C500287BCA /* PBXContainerItemProxy */ = {
			isa = PBXContainerItemProxy;
			containerPortal = A9757D69251E50C200287BCA /* Project object */;
			proxyType = 1;
			remoteGlobalIDString = A9757D70251E50C200287BCA;
			remoteInfo = GetOrPost;
		};
/* End PBXContainerItemProxy section */

/* Begin PBXFileReference section */
		A9757D71251E50C200287BCA /* GetOrPost.app */ = {isa = PBXFileReference; explicitFileType = wrapper.application; includeInIndex = 0; path = GetOrPost.app; sourceTree = BUILT_PRODUCTS_DIR; };
		A9757D74251E50C200287BCA /* AppDelegate.swift */ = {isa = PBXFileReference; lastKnownFileType = sourcecode.swift; path = AppDelegate.swift; sourceTree = "<group>"; };
		A9757D76251E50C200287BCA /* SceneDelegate.swift */ = {isa = PBXFileReference; lastKnownFileType = sourcecode.swift; path = SceneDelegate.swift; sourceTree = "<group>"; };
		A9757D78251E50C200287BCA /* ViewController.swift */ = {isa = PBXFileReference; lastKnownFileType = sourcecode.swift; path = ViewController.swift; sourceTree = "<group>"; };
		A9757D7B251E50C200287BCA /* Base */ = {isa = PBXFileReference; lastKnownFileType = file.storyboard; name = Base; path = Base.lproj/Main.storyboard; sourceTree = "<group>"; };
		A9757D7E251E50C200287BCA /* GetOrPost.xcdatamodel */ = {isa = PBXFileReference; lastKnownFileType = wrapper.xcdatamodel; path = GetOrPost.xcdatamodel; sourceTree = "<group>"; };
		A9757D80251E50C500287BCA /* Assets.xcassets */ = {isa = PBXFileReference; lastKnownFileType = folder.assetcatalog; path = Assets.xcassets; sourceTree = "<group>"; };
		A9757D83251E50C500287BCA /* Base */ = {isa = PBXFileReference; lastKnownFileType = file.storyboard; name = Base; path = Base.lproj/LaunchScreen.storyboard; sourceTree = "<group>"; };
		A9757D85251E50C500287BCA /* Info.plist */ = {isa = PBXFileReference; lastKnownFileType = text.plist.xml; path = Info.plist; sourceTree = "<group>"; };
		A9757D8A251E50C500287BCA /* GetOrPostTests.xctest */ = {isa = PBXFileReference; explicitFileType = wrapper.cfbundle; includeInIndex = 0; path = GetOrPostTests.xctest; sourceTree = BUILT_PRODUCTS_DIR; };
		A9757D8E251E50C500287BCA /* GetOrPostTests.swift */ = {isa = PBXFileReference; lastKnownFileType = sourcecode.swift; path = GetOrPostTests.swift; sourceTree = "<group>"; };
		A9757D90251E50C500287BCA /* Info.plist */ = {isa = PBXFileReference; lastKnownFileType = text.plist.xml; path = Info.plist; sourceTree = "<group>"; };
		A9757D95251E50C500287BCA /* GetOrPostUITests.xctest */ = {isa = PBXFileReference; explicitFileType = wrapper.cfbundle; includeInIndex = 0; path = GetOrPostUITests.xctest; sourceTree = BUILT_PRODUCTS_DIR; };
		A9757D99251E50C500287BCA /* GetOrPostUITests.swift */ = {isa = PBXFileReference; lastKnownFileType = sourcecode.swift; path = GetOrPostUITests.swift; sourceTree = "<group>"; };
		A9757D9B251E50C500287BCA /* Info.plist */ = {isa = PBXFileReference; lastKnownFileType = text.plist.xml; path = Info.plist; sourceTree = "<group>"; };
/* End PBXFileReference section */

/* Begin PBXFrameworksBuildPhase section */
		A9757D6E251E50C200287BCA /* Frameworks */ = {
			isa = PBXFrameworksBuildPhase;
			buildActionMask = 2147483647;
			files = (
			);
			runOnlyForDeploymentPostprocessing = 0;
		};
		A9757D87251E50C500287BCA /* Frameworks */ = {
			isa = PBXFrameworksBuildPhase;
			buildActionMask = 2147483647;
			files = (
			);
			runOnlyForDeploymentPostprocessing = 0;
		};
		A9757D92251E50C500287BCA /* Frameworks */ = {
			isa = PBXFrameworksBuildPhase;
			buildActionMask = 2147483647;
			files = (
			);
			runOnlyForDeploymentPostprocessing = 0;
		};
/* End PBXFrameworksBuildPhase section */

/* Begin PBXGroup section */
		A9757D68251E50C200287BCA = {
			isa = PBXGroup;
			children = (
				A9757D73251E50C200287BCA /* GetOrPost */,
				A9757D8D251E50C500287BCA /* GetOrPostTests */,
				A9757D98251E50C500287BCA /* GetOrPostUITests */,
				A9757D72251E50C200287BCA /* Products */,
			);
			sourceTree = "<group>";
		};
		A9757D72251E50C200287BCA /* Products */ = {
			isa = PBXGroup;
			children = (
				A9757D71251E50C200287BCA /* GetOrPost.app */,
				A9757D8A251E50C500287BCA /* GetOrPostTests.xctest */,
				A9757D95251E50C500287BCA /* GetOrPostUITests.xctest */,
			);
			name = Products;
			sourceTree = "<group>";
		};
		A9757D73251E50C200287BCA /* GetOrPost */ = {
			isa = PBXGroup;
			children = (
				A9757D74251E50C200287BCA /* AppDelegate.swift */,
				A9757D76251E50C200287BCA /* SceneDelegate.swift */,
				A9757D78251E50C200287BCA /* ViewController.swift */,
				A9757D7A251E50C200287BCA /* Main.storyboard */,
				A9757D80251E50C500287BCA /* Assets.xcassets */,
				A9757D82251E50C500287BCA /* LaunchScreen.storyboard */,
				A9757D85251E50C500287BCA /* Info.plist */,
				A9757D7D251E50C200287BCA /* GetOrPost.xcdatamodeld */,
			);
			path = GetOrPost;
			sourceTree = "<group>";
		};
		A9757D8D251E50C500287BCA /* GetOrPostTests */ = {
			isa = PBXGroup;
			children = (
				A9757D8E251E50C500287BCA /* GetOrPostTests.swift */,
				A9757D90251E50C500287BCA /* Info.plist */,
			);
			path = GetOrPostTests;
			sourceTree = "<group>";
		};
		A9757D98251E50C500287BCA /* GetOrPostUITests */ = {
			isa = PBXGroup;
			children = (
				A9757D99251E50C500287BCA /* GetOrPostUITests.swift */,
				A9757D9B251E50C500287BCA /* Info.plist */,
			);
			path = GetOrPostUITests;
			sourceTree = "<group>";
		};
/* End PBXGroup section */

/* Begin PBXNativeTarget section */
		A9757D70251E50C200287BCA /* GetOrPost */ = {
			isa = PBXNativeTarget;
			buildConfigurationList = A9757D9E251E50C500287BCA /* Build configuration list for PBXNativeTarget "GetOrPost" */;
			buildPhases = (
				A9757D6D251E50C200287BCA /* Sources */,
				A9757D6E251E50C200287BCA /* Frameworks */,
				A9757D6F251E50C200287BCA /* Resources */,
			);
			buildRules = (
			);
			dependencies = (
			);
			name = GetOrPost;
			productName = GetOrPost;
			productReference = A9757D71251E50C200287BCA /* GetOrPost.app */;
			productType = "com.apple.product-type.application";
		};
		A9757D89251E50C500287BCA /* GetOrPostTests */ = {
			isa = PBXNativeTarget;
			buildConfigurationList = A9757DA1251E50C500287BCA /* Build configuration list for PBXNativeTarget "GetOrPostTests" */;
			buildPhases = (
				A9757D86251E50C500287BCA /* Sources */,
				A9757D87251E50C500287BCA /* Frameworks */,
				A9757D88251E50C500287BCA /* Resources */,
			);
			buildRules = (
			);
			dependencies = (
				A9757D8C251E50C500287BCA /* PBXTargetDependency */,
			);
			name = GetOrPostTests;
			productName = GetOrPostTests;
			productReference = A9757D8A251E50C500287BCA /* GetOrPostTests.xctest */;
			productType = "com.apple.product-type.bundle.unit-test";
		};
		A9757D94251E50C500287BCA /* GetOrPostUITests */ = {
			isa = PBXNativeTarget;
			buildConfigurationList = A9757DA4251E50C500287BCA /* Build configuration list for PBXNativeTarget "GetOrPostUITests" */;
			buildPhases = (
				A9757D91251E50C500287BCA /* Sources */,
				A9757D92251E50C500287BCA /* Frameworks */,
				A9757D93251E50C500287BCA /* Resources */,
			);
			buildRules = (
			);
			dependencies = (
				A9757D97251E50C500287BCA /* PBXTargetDependency */,
			);
			name = GetOrPostUITests;
			productName = GetOrPostUITests;
			productReference = A9757D95251E50C500287BCA /* GetOrPostUITests.xctest */;
			productType = "com.apple.product-type.bundle.ui-testing";
		};
/* End PBXNativeTarget section */

/* Begin PBXProject section */
		A9757D69251E50C200287BCA /* Project object */ = {
			isa = PBXProject;
			attributes = {
				LastSwiftUpdateCheck = 1200;
				LastUpgradeCheck = 1200;
				TargetAttributes = {
					A9757D70251E50C200287BCA = {
						CreatedOnToolsVersion = 12.0;
					};
					A9757D89251E50C500287BCA = {
						CreatedOnToolsVersion = 12.0;
						TestTargetID = A9757D70251E50C200287BCA;
					};
					A9757D94251E50C500287BCA = {
						CreatedOnToolsVersion = 12.0;
						TestTargetID = A9757D70251E50C200287BCA;
					};
				};
			};
			buildConfigurationList = A9757D6C251E50C200287BCA /* Build configuration list for PBXProject "GetOrPost" */;
			compatibilityVersion = "Xcode 9.3";
			developmentRegion = en;
			hasScannedForEncodings = 0;
			knownRegions = (
				en,
				Base,
			);
			mainGroup = A9757D68251E50C200287BCA;
			productRefGroup = A9757D72251E50C200287BCA /* Products */;
			projectDirPath = "";
			projectRoot = "";
			targets = (
				A9757D70251E50C200287BCA /* GetOrPost */,
				A9757D89251E50C500287BCA /* GetOrPostTests */,
				A9757D94251E50C500287BCA /* GetOrPostUITests */,
			);
		};
/* End PBXProject section */

/* Begin PBXResourcesBuildPhase section */
		A9757D6F251E50C200287BCA /* Resources */ = {
			isa = PBXResourcesBuildPhase;
			buildActionMask = 2147483647;
			files = (
				A9757D84251E50C500287BCA /* LaunchScreen.storyboard in Resources */,
				A9757D81251E50C500287BCA /* Assets.xcassets in Resources */,
				A9757D7C251E50C200287BCA /* Main.storyboard in Resources */,
			);
			runOnlyForDeploymentPostprocessing = 0;
		};
		A9757D88251E50C500287BCA /* Resources */ = {
			isa = PBXResourcesBuildPhase;
			buildActionMask = 2147483647;
			files = (
			);
			runOnlyForDeploymentPostprocessing = 0;
		};
		A9757D93251E50C500287BCA /* Resources */ = {
			isa = PBXResourcesBuildPhase;
			buildActionMask = 2147483647;
			files = (
			);
			runOnlyForDeploymentPostprocessing = 0;
		};
/* End PBXResourcesBuildPhase section */

/* Begin PBXSourcesBuildPhase section */
		A9757D6D251E50C200287BCA /* Sources */ = {
			isa = PBXSourcesBuildPhase;
			buildActionMask = 2147483647;
			files = (
				A9757D79251E50C200287BCA /* ViewController.swift in Sources */,
				A9757D7F251E50C200287BCA /* GetOrPost.xcdatamodeld in Sources */,
				A9757D75251E50C200287BCA /* AppDelegate.swift in Sources */,
				A9757D77251E50C200287BCA /* SceneDelegate.swift in Sources */,
			);
			runOnlyForDeploymentPostprocessing = 0;
		};
		A9757D86251E50C500287BCA /* Sources */ = {
			isa = PBXSourcesBuildPhase;
			buildActionMask = 2147483647;
			files = (
				A9757D8F251E50C500287BCA /* GetOrPostTests.swift in Sources */,
			);
			runOnlyForDeploymentPostprocessing = 0;
		};
		A9757D91251E50C500287BCA /* Sources */ = {
			isa = PBXSourcesBuildPhase;
			buildActionMask = 2147483647;
			files = (
				A9757D9A251E50C500287BCA /* GetOrPostUITests.swift in Sources */,
			);
			runOnlyForDeploymentPostprocessing = 0;
		};
/* End PBXSourcesBuildPhase section */

/* Begin PBXTargetDependency section */
		A9757D8C251E50C500287BCA /* PBXTargetDependency */ = {
			isa = PBXTargetDependency;
			target = A9757D70251E50C200287BCA /* GetOrPost */;
			targetProxy = A9757D8B251E50C500287BCA /* PBXContainerItemProxy */;
		};
		A9757D97251E50C500287BCA /* PBXTargetDependency */ = {
			isa = PBXTargetDependency;
			target = A9757D70251E50C200287BCA /* GetOrPost */;
			targetProxy = A9757D96251E50C500287BCA /* PBXContainerItemProxy */;
		};
/* End PBXTargetDependency section */

/* Begin PBXVariantGroup section */
		A9757D7A251E50C200287BCA /* Main.storyboard */ = {
			isa = PBXVariantGroup;
			children = (
				A9757D7B251E50C200287BCA /* Base */,
			);
			name = Main.storyboard;
			sourceTree = "<group>";
		};
		A9757D82251E50C500287BCA /* LaunchScreen.storyboard */ = {
			isa = PBXVariantGroup;
			children = (
				A9757D83251E50C500287BCA /* Base */,
			);
			name = LaunchScreen.storyboard;
			sourceTree = "<group>";
		};
/* End PBXVariantGroup section */

/* Begin XCBuildConfiguration section */
		A9757D9C251E50C500287BCA /* Debug */ = {
			isa = XCBuildConfiguration;
			buildSettings = {
				ALWAYS_SEARCH_USER_PATHS = NO;
				CLANG_ANALYZER_NONNULL = YES;
				CLANG_ANALYZER_NUMBER_OBJECT_CONVERSION = YES_AGGRESSIVE;
				CLANG_CXX_LANGUAGE_STANDARD = "gnu++14";
				CLANG_CXX_LIBRARY = "libc++";
				CLANG_ENABLE_MODULES = YES;
				CLANG_ENABLE_OBJC_ARC = YES;
				CLANG_ENABLE_OBJC_WEAK = YES;
				CLANG_WARN_BLOCK_CAPTURE_AUTORELEASING = YES;
				CLANG_WARN_BOOL_CONVERSION = YES;
				CLANG_WARN_COMMA = YES;
				CLANG_WARN_CONSTANT_CONVERSION = YES;
				CLANG_WARN_DEPRECATED_OBJC_IMPLEMENTATIONS = YES;
				CLANG_WARN_DIRECT_OBJC_ISA_USAGE = YES_ERROR;
				CLANG_WARN_DOCUMENTATION_COMMENTS = YES;
				CLANG_WARN_EMPTY_BODY = YES;
				CLANG_WARN_ENUM_CONVERSION = YES;
				CLANG_WARN_INFINITE_RECURSION = YES;
				CLANG_WARN_INT_CONVERSION = YES;
				CLANG_WARN_NON_LITERAL_NULL_CONVERSION = YES;
				CLANG_WARN_OBJC_IMPLICIT_RETAIN_SELF = YES;
				CLANG_WARN_OBJC_LITERAL_CONVERSION = YES;
				CLANG_WARN_OBJC_ROOT_CLASS = YES_ERROR;
				CLANG_WARN_QUOTED_INCLUDE_IN_FRAMEWORK_HEADER = YES;
				CLANG_WARN_RANGE_LOOP_ANALYSIS = YES;
				CLANG_WARN_STRICT_PROTOTYPES = YES;
				CLANG_WARN_SUSPICIOUS_MOVE = YES;
				CLANG_WARN_UNGUARDED_AVAILABILITY = YES_AGGRESSIVE;
				CLANG_WARN_UNREACHABLE_CODE = YES;
				CLANG_WARN__DUPLICATE_METHOD_MATCH = YES;
				COPY_PHASE_STRIP = NO;
				DEBUG_INFORMATION_FORMAT = dwarf;
				ENABLE_STRICT_OBJC_MSGSEND = YES;
				ENABLE_TESTABILITY = YES;
				GCC_C_LANGUAGE_STANDARD = gnu11;
				GCC_DYNAMIC_NO_PIC = NO;
				GCC_NO_COMMON_BLOCKS = YES;
				GCC_OPTIMIZATION_LEVEL = 0;
				GCC_PREPROCESSOR_DEFINITIONS = (
					"DEBUG=1",
					"$(inherited)",
				);
				GCC_WARN_64_TO_32_BIT_CONVERSION = YES;
				GCC_WARN_ABOUT_RETURN_TYPE = YES_ERROR;
				GCC_WARN_UNDECLARED_SELECTOR = YES;
				GCC_WARN_UNINITIALIZED_AUTOS = YES_AGGRESSIVE;
				GCC_WARN_UNUSED_FUNCTION = YES;
				GCC_WARN_UNUSED_VARIABLE = YES;
				IPHONEOS_DEPLOYMENT_TARGET = 14.0;
				MTL_ENABLE_DEBUG_INFO = INCLUDE_SOURCE;
				MTL_FAST_MATH = YES;
				ONLY_ACTIVE_ARCH = YES;
				SDKROOT = iphoneos;
				SWIFT_ACTIVE_COMPILATION_CONDITIONS = DEBUG;
				SWIFT_OPTIMIZATION_LEVEL = "-Onone";
			};
			name = Debug;
		};
		A9757D9D251E50C500287BCA /* Release */ = {
			isa = XCBuildConfiguration;
			buildSettings = {
				ALWAYS_SEARCH_USER_PATHS = NO;
				CLANG_ANALYZER_NONNULL = YES;
				CLANG_ANALYZER_NUMBER_OBJECT_CONVERSION = YES_AGGRESSIVE;
				CLANG_CXX_LANGUAGE_STANDARD = "gnu++14";
				CLANG_CXX_LIBRARY = "libc++";
				CLANG_ENABLE_MODULES = YES;
				CLANG_ENABLE_OBJC_ARC = YES;
				CLANG_ENABLE_OBJC_WEAK = YES;
				CLANG_WARN_BLOCK_CAPTURE_AUTORELEASING = YES;
				CLANG_WARN_BOOL_CONVERSION = YES;
				CLANG_WARN_COMMA = YES;
				CLANG_WARN_CONSTANT_CONVERSION = YES;
				CLANG_WARN_DEPRECATED_OBJC_IMPLEMENTATIONS = YES;
				CLANG_WARN_DIRECT_OBJC_ISA_USAGE = YES_ERROR;
				CLANG_WARN_DOCUMENTATION_COMMENTS = YES;
				CLANG_WARN_EMPTY_BODY = YES;
				CLANG_WARN_ENUM_CONVERSION = YES;
				CLANG_WARN_INFINITE_RECURSION = YES;
				CLANG_WARN_INT_CONVERSION = YES;
				CLANG_WARN_NON_LITERAL_NULL_CONVERSION = YES;
				CLANG_WARN_OBJC_IMPLICIT_RETAIN_SELF = YES;
				CLANG_WARN_OBJC_LITERAL_CONVERSION = YES;
				CLANG_WARN_OBJC_ROOT_CLASS = YES_ERROR;
				CLANG_WARN_QUOTED_INCLUDE_IN_FRAMEWORK_HEADER = YES;
				CLANG_WARN_RANGE_LOOP_ANALYSIS = YES;
				CLANG_WARN_STRICT_PROTOTYPES = YES;
				CLANG_WARN_SUSPICIOUS_MOVE = YES;
				CLANG_WARN_UNGUARDED_AVAILABILITY = YES_AGGRESSIVE;
				CLANG_WARN_UNREACHABLE_CODE = YES;
				CLANG_WARN__DUPLICATE_METHOD_MATCH = YES;
				COPY_PHASE_STRIP = NO;
				DEBUG_INFORMATION_FORMAT = "dwarf-with-dsym";
				ENABLE_NS_ASSERTIONS = NO;
				ENABLE_STRICT_OBJC_MSGSEND = YES;
				GCC_C_LANGUAGE_STANDARD = gnu11;
				GCC_NO_COMMON_BLOCKS = YES;
				GCC_WARN_64_TO_32_BIT_CONVERSION = YES;
				GCC_WARN_ABOUT_RETURN_TYPE = YES_ERROR;
				GCC_WARN_UNDECLARED_SELECTOR = YES;
				GCC_WARN_UNINITIALIZED_AUTOS = YES_AGGRESSIVE;
				GCC_WARN_UNUSED_FUNCTION = YES;
				GCC_WARN_UNUSED_VARIABLE = YES;
				IPHONEOS_DEPLOYMENT_TARGET = 14.0;
				MTL_ENABLE_DEBUG_INFO = NO;
				MTL_FAST_MATH = YES;
				SDKROOT = iphoneos;
				SWIFT_COMPILATION_MODE = wholemodule;
				SWIFT_OPTIMIZATION_LEVEL = "-O";
				VALIDATE_PRODUCT = YES;
			};
			name = Release;
		};
		A9757D9F251E50C500287BCA /* Debug */ = {
			isa = XCBuildConfiguration;
			buildSettings = {
				ASSETCATALOG_COMPILER_APPICON_NAME = AppIcon;
				ASSETCATALOG_COMPILER_GLOBAL_ACCENT_COLOR_NAME = AccentColor;
				CODE_SIGN_STYLE = Automatic;
				INFOPLIST_FILE = GetOrPost/Info.plist;
				LD_RUNPATH_SEARCH_PATHS = (
					"$(inherited)",
					"@executable_path/Frameworks",
				);
				PRODUCT_BUNDLE_IDENTIFIER = com.nataliagolovko.GetOrPost;
				PRODUCT_NAME = "$(TARGET_NAME)";
				SWIFT_VERSION = 5.0;
				TARGETED_DEVICE_FAMILY = "1,2";
			};
			name = Debug;
		};
		A9757DA0251E50C500287BCA /* Release */ = {
			isa = XCBuildConfiguration;
			buildSettings = {
				ASSETCATALOG_COMPILER_APPICON_NAME = AppIcon;
				ASSETCATALOG_COMPILER_GLOBAL_ACCENT_COLOR_NAME = AccentColor;
				CODE_SIGN_STYLE = Automatic;
				INFOPLIST_FILE = GetOrPost/Info.plist;
				LD_RUNPATH_SEARCH_PATHS = (
					"$(inherited)",
					"@executable_path/Frameworks",
				);
				PRODUCT_BUNDLE_IDENTIFIER = com.nataliagolovko.GetOrPost;
				PRODUCT_NAME = "$(TARGET_NAME)";
				SWIFT_VERSION = 5.0;
				TARGETED_DEVICE_FAMILY = "1,2";
			};
			name = Release;
		};
		A9757DA2251E50C500287BCA /* Debug */ = {
			isa = XCBuildConfiguration;
			buildSettings = {
				ALWAYS_EMBED_SWIFT_STANDARD_LIBRARIES = YES;
				BUNDLE_LOADER = "$(TEST_HOST)";
				CODE_SIGN_STYLE = Automatic;
				INFOPLIST_FILE = GetOrPostTests/Info.plist;
				IPHONEOS_DEPLOYMENT_TARGET = 14.0;
				LD_RUNPATH_SEARCH_PATHS = (
					"$(inherited)",
					"@executable_path/Frameworks",
					"@loader_path/Frameworks",
				);
				PRODUCT_BUNDLE_IDENTIFIER = com.nataliagolovko.GetOrPostTests;
				PRODUCT_NAME = "$(TARGET_NAME)";
				SWIFT_VERSION = 5.0;
				TARGETED_DEVICE_FAMILY = "1,2";
				TEST_HOST = "$(BUILT_PRODUCTS_DIR)/GetOrPost.app/GetOrPost";
			};
			name = Debug;
		};
		A9757DA3251E50C500287BCA /* Release */ = {
			isa = XCBuildConfiguration;
			buildSettings = {
				ALWAYS_EMBED_SWIFT_STANDARD_LIBRARIES = YES;
				BUNDLE_LOADER = "$(TEST_HOST)";
				CODE_SIGN_STYLE = Automatic;
				INFOPLIST_FILE = GetOrPostTests/Info.plist;
				IPHONEOS_DEPLOYMENT_TARGET = 14.0;
				LD_RUNPATH_SEARCH_PATHS = (
					"$(inherited)",
					"@executable_path/Frameworks",
					"@loader_path/Frameworks",
				);
				PRODUCT_BUNDLE_IDENTIFIER = com.nataliagolovko.GetOrPostTests;
				PRODUCT_NAME = "$(TARGET_NAME)";
				SWIFT_VERSION = 5.0;
				TARGETED_DEVICE_FAMILY = "1,2";
				TEST_HOST = "$(BUILT_PRODUCTS_DIR)/GetOrPost.app/GetOrPost";
			};
			name = Release;
		};
		A9757DA5251E50C500287BCA /* Debug */ = {
			isa = XCBuildConfiguration;
			buildSettings = {
				ALWAYS_EMBED_SWIFT_STANDARD_LIBRARIES = YES;
				CODE_SIGN_STYLE = Automatic;
				INFOPLIST_FILE = GetOrPostUITests/Info.plist;
				LD_RUNPATH_SEARCH_PATHS = (
					"$(inherited)",
					"@executable_path/Frameworks",
					"@loader_path/Frameworks",
				);
				PRODUCT_BUNDLE_IDENTIFIER = com.nataliagolovko.GetOrPostUITests;
				PRODUCT_NAME = "$(TARGET_NAME)";
				SWIFT_VERSION = 5.0;
				TARGETED_DEVICE_FAMILY = "1,2";
				TEST_TARGET_NAME = GetOrPost;
			};
			name = Debug;
		};
		A9757DA6251E50C500287BCA /* Release */ = {
			isa = XCBuildConfiguration;
			buildSettings = {
				ALWAYS_EMBED_SWIFT_STANDARD_LIBRARIES = YES;
				CODE_SIGN_STYLE = Automatic;
				INFOPLIST_FILE = GetOrPostUITests/Info.plist;
				LD_RUNPATH_SEARCH_PATHS = (
					"$(inherited)",
					"@executable_path/Frameworks",
					"@loader_path/Frameworks",
				);
				PRODUCT_BUNDLE_IDENTIFIER = com.nataliagolovko.GetOrPostUITests;
				PRODUCT_NAME = "$(TARGET_NAME)";
				SWIFT_VERSION = 5.0;
				TARGETED_DEVICE_FAMILY = "1,2";
				TEST_TARGET_NAME = GetOrPost;
			};
			name = Release;
		};
/* End XCBuildConfiguration section */

/* Begin XCConfigurationList section */
		A9757D6C251E50C200287BCA /* Build configuration list for PBXProject "GetOrPost" */ = {
			isa = XCConfigurationList;
			buildConfigurations = (
				A9757D9C251E50C500287BCA /* Debug */,
				A9757D9D251E50C500287BCA /* Release */,
			);
			defaultConfigurationIsVisible = 0;
			defaultConfigurationName = Release;
		};
		A9757D9E251E50C500287BCA /* Build configuration list for PBXNativeTarget "GetOrPost" */ = {
			isa = XCConfigurationList;
			buildConfigurations = (
				A9757D9F251E50C500287BCA /* Debug */,
				A9757DA0251E50C500287BCA /* Release */,
			);
			defaultConfigurationIsVisible = 0;
			defaultConfigurationName = Release;
		};
		A9757DA1251E50C500287BCA /* Build configuration list for PBXNativeTarget "GetOrPostTests" */ = {
			isa = XCConfigurationList;
			buildConfigurations = (
				A9757DA2251E50C500287BCA /* Debug */,
				A9757DA3251E50C500287BCA /* Release */,
			);
			defaultConfigurationIsVisible = 0;
			defaultConfigurationName = Release;
		};
		A9757DA4251E50C500287BCA /* Build configuration list for PBXNativeTarget "GetOrPostUITests" */ = {
			isa = XCConfigurationList;
			buildConfigurations = (
				A9757DA5251E50C500287BCA /* Debug */,
				A9757DA6251E50C500287BCA /* Release */,
			);
			defaultConfigurationIsVisible = 0;
			defaultConfigurationName = Release;
		};
/* End XCConfigurationList section */

/* Begin XCVersionGroup section */
		A9757D7D251E50C200287BCA /* GetOrPost.xcdatamodeld */ = {
			isa = XCVersionGroup;
			children = (
				A9757D7E251E50C200287BCA /* GetOrPost.xcdatamodel */,
			);
			currentVersion = A9757D7E251E50C200287BCA /* GetOrPost.xcdatamodel */;
			path = GetOrPost.xcdatamodeld;
			sourceTree = "<group>";
			versionGroupType = wrapper.xcdatamodel;
		};
/* End XCVersionGroup section */
	};
	rootObject = A9757D69251E50C200287BCA /* Project object */;
}
